
Microsoft Visual Studio Solution File, Format Version 12.00
Project("{8BC9CEB8-8B4A-11D0-8D11-00A0C91BC942}") = "SFMLProject", "SFMLProject.vcxproj", "{3F84E235-041D-4988-8159-0F45A838923C}"
EndProject
Global
	GlobalSection(SolutionConfigurationPlatforms) = preSolution
		Debug|Win32 = Debug|Win32
		Debug|x64 = Debug|x64
		Release|Win32 = Release|Win32
		Release|x64 = Release|x64
	EndGlobalSection
	GlobalSection(ProjectConfigurationPlatforms) = postSolution
		{3F84E235-041D-4988-8159-0F45A838923C}.Debug|Win32.ActiveCfg = Debug|Win32
		{3F84E235-041D-4988-8159-0F45A838923C}.Debug|Win32.Build.0 = Debug|Win32
		{3F84E235-041D-4988-8159-0F45A838923C}.Debug|x64.ActiveCfg = Debug|x64
		{3F84E235-041D-4988-8159-0F45A838923C}.Debug|x64.Build.0 = Debug|x64
		{3F84E235-041D-4988-8159-0F45A838923C}.Release|Win32.ActiveCfg = Release|Win32
		{3F84E235-041D-4988-8159-0F45A838923C}.Release|Win32.Build.0 = Release|Win32
		{3F84E235-041D-4988-8159-0F45A838923C}.Release|x64.ActiveCfg = Release|x64
		{3F84E235-041D-4988-8159-0F45A838923C}.Release|x64.Build.0 = Release|x64
	EndGlobalSection
EndGlobal
