
Microsoft Visual Studio Solution File, Format Version 12.00
# Visual Studio Version 17
VisualStudioVersion = 17.6.33815.320
MinimumVisualStudioVersion = 10.0.40219.1
Project("{8BC9CEB8-8B4A-11D0-8D11-00A0C91BC942}") = "StackArray", "StackArray.vcxproj", "{C627DCB5-453E-437C-A84D-BE9AEEE5BE50}"
EndProject
Global
	GlobalSection(SolutionConfigurationPlatforms) = preSolution
		Debug|x64 = Debug|x64
		Debug|x86 = Debug|x86
		Release|x64 = Release|x64
		Release|x86 = Release|x86
	EndGlobalSection
	GlobalSection(ProjectConfigurationPlatforms) = postSolution
		{C627DCB5-453E-437C-A84D-BE9AEEE5BE50}.Debug|x64.ActiveCfg = Debug|x64
		{C627DCB5-453E-437C-A84D-BE9AEEE5BE50}.Debug|x64.Build.0 = Debug|x64
		{C627DCB5-453E-437C-A84D-BE9AEEE5BE50}.Debug|x86.ActiveCfg = Debug|Win32
		{C627DCB5-453E-437C-A84D-BE9AEEE5BE50}.Debug|x86.Build.0 = Debug|Win32
		{C627DCB5-453E-437C-A84D-BE9AEEE5BE50}.Release|x64.ActiveCfg = Release|x64
		{C627DCB5-453E-437C-A84D-BE9AEEE5BE50}.Release|x64.Build.0 = Release|x64
		{C627DCB5-453E-437C-A84D-BE9AEEE5BE50}.Release|x86.ActiveCfg = Release|Win32
		{C627DCB5-453E-437C-A84D-BE9AEEE5BE50}.Release|x86.Build.0 = Release|Win32
	EndGlobalSection
	GlobalSection(SolutionProperties) = preSolution
		HideSolutionNode = FALSE
	EndGlobalSection
	GlobalSection(ExtensibilityGlobals) = postSolution
		SolutionGuid = {24E6F106-4EE0-4B36-81E8-8AA9E7746BE9}
	EndGlobalSection
EndGlobal
